
Microsoft Visual Studio Solution File, Format Version 9.00
# Visual C# Express 2005
Project("{FAE04EC0-301F-11D3-BF4B-00C04F79EFBC}") = "XELibrary", "XELibrary\XELibrary.csproj", "{D47B951C-B288-4382-8EF8-02F26B000D9B}"
EndProject
Global
	GlobalSection(SolutionConfigurationPlatforms) = preSolution
		Debug|x86 = Debug|x86
		Release|x86 = Release|x86
	EndGlobalSection
	GlobalSection(ProjectConfigurationPlatforms) = postSolution
		{D47B951C-B288-4382-8EF8-02F26B000D9B}.Debug|x86.ActiveCfg = Debug|x86
		{D47B951C-B288-4382-8EF8-02F26B000D9B}.Debug|x86.Build.0 = Debug|x86
		{D47B951C-B288-4382-8EF8-02F26B000D9B}.Release|x86.ActiveCfg = Release|x86
		{D47B951C-B288-4382-8EF8-02F26B000D9B}.Release|x86.Build.0 = Release|x86
		{A26A5E40-7F2D-46B1-A406-0BEC14B9BECC}.Debug|x86.ActiveCfg = Debug|x86
		{A26A5E40-7F2D-46B1-A406-0BEC14B9BECC}.Release|x86.ActiveCfg = Release|x86
	EndGlobalSection
	GlobalSection(SolutionProperties) = preSolution
		HideSolutionNode = FALSE
	EndGlobalSection
EndGlobal
